
Microsoft Visual Studio Solution File, Format Version 12.00
# Visual Studio 15
VisualStudioVersion = 15.0.27703.2042
MinimumVisualStudioVersion = 10.0.40219.1
Project("{9A19103F-16F7-4668-BE54-9A1E7A4F7556}") = "SportsStore1", "SportsStore1\SportsStore1.csproj", "{5240E580-F16D-43DE-84F0-29C4CCBC1A46}"
EndProject
Project("{9A19103F-16F7-4668-BE54-9A1E7A4F7556}") = "SportsStore1.Tests", "SportsStore1.Tests\SportsStore1.Tests.csproj", "{2571A0DA-9D08-47A7-8307-DA6C0D9BFD20}"
EndProject
Global
	GlobalSection(SolutionConfigurationPlatforms) = preSolution
		Debug|Any CPU = Debug|Any CPU
		Release|Any CPU = Release|Any CPU
	EndGlobalSection
	GlobalSection(ProjectConfigurationPlatforms) = postSolution
		{5240E580-F16D-43DE-84F0-29C4CCBC1A46}.Debug|Any CPU.ActiveCfg = Debug|Any CPU
		{5240E580-F16D-43DE-84F0-29C4CCBC1A46}.Debug|Any CPU.Build.0 = Debug|Any CPU
		{5240E580-F16D-43DE-84F0-29C4CCBC1A46}.Release|Any CPU.ActiveCfg = Release|Any CPU
		{5240E580-F16D-43DE-84F0-29C4CCBC1A46}.Release|Any CPU.Build.0 = Release|Any CPU
		{2571A0DA-9D08-47A7-8307-DA6C0D9BFD20}.Debug|Any CPU.ActiveCfg = Debug|Any CPU
		{2571A0DA-9D08-47A7-8307-DA6C0D9BFD20}.Debug|Any CPU.Build.0 = Debug|Any CPU
		{2571A0DA-9D08-47A7-8307-DA6C0D9BFD20}.Release|Any CPU.ActiveCfg = Release|Any CPU
		{2571A0DA-9D08-47A7-8307-DA6C0D9BFD20}.Release|Any CPU.Build.0 = Release|Any CPU
	EndGlobalSection
	GlobalSection(SolutionProperties) = preSolution
		HideSolutionNode = FALSE
	EndGlobalSection
	GlobalSection(ExtensibilityGlobals) = postSolution
		SolutionGuid = {3FDA66B6-2B18-498E-A730-E8A46A0DD952}
	EndGlobalSection
EndGlobal
